
Microsoft Visual Studio Solution File, Format Version 12.00
# Visual Studio 15
VisualStudioVersion = 15.0.28010.2026
MinimumVisualStudioVersion = 10.0.40219.1
Project("{FAE04EC0-301F-11D3-BF4B-00C04F79EFBC}") = "TeachingLoadLib", "TeachingLoadLib\TeachingLoadLib.csproj", "{8B46BBFB-8452-4C20-B799-04EF4993125E}"
EndProject
Project("{FAE04EC0-301F-11D3-BF4B-00C04F79EFBC}") = "TeachingLoad", "TeachingLoad\TeachingLoad.csproj", "{54525CB6-91B4-453A-BF4E-D84FF1A2BE51}"
EndProject
Global
	GlobalSection(SolutionConfigurationPlatforms) = preSolution
		Debug|Any CPU = Debug|Any CPU
		Release|Any CPU = Release|Any CPU
	EndGlobalSection
	GlobalSection(ProjectConfigurationPlatforms) = postSolution
		{8B46BBFB-8452-4C20-B799-04EF4993125E}.Debug|Any CPU.ActiveCfg = Debug|Any CPU
		{8B46BBFB-8452-4C20-B799-04EF4993125E}.Debug|Any CPU.Build.0 = Debug|Any CPU
		{8B46BBFB-8452-4C20-B799-04EF4993125E}.Release|Any CPU.ActiveCfg = Release|Any CPU
		{8B46BBFB-8452-4C20-B799-04EF4993125E}.Release|Any CPU.Build.0 = Release|Any CPU
		{54525CB6-91B4-453A-BF4E-D84FF1A2BE51}.Debug|Any CPU.ActiveCfg = Debug|Any CPU
		{54525CB6-91B4-453A-BF4E-D84FF1A2BE51}.Debug|Any CPU.Build.0 = Debug|Any CPU
		{54525CB6-91B4-453A-BF4E-D84FF1A2BE51}.Release|Any CPU.ActiveCfg = Release|Any CPU
		{54525CB6-91B4-453A-BF4E-D84FF1A2BE51}.Release|Any CPU.Build.0 = Release|Any CPU
	EndGlobalSection
	GlobalSection(SolutionProperties) = preSolution
		HideSolutionNode = FALSE
	EndGlobalSection
	GlobalSection(ExtensibilityGlobals) = postSolution
		SolutionGuid = {649F8B41-2960-4942-A3B2-04A64F1502AE}
	EndGlobalSection
EndGlobal
